
Microsoft Visual Studio Solution File, Format Version 12.00
# Visual Studio 15
VisualStudioVersion = 15.0.28307.1500
MinimumVisualStudioVersion = 10.0.40219.1
Project("{8BC9CEB8-8B4A-11D0-8D11-00A0C91BC942}") = "1176", "1176.vcxproj", "{80A0E81B-909E-4B47-B90F-4BFB2C2EADE1}"
EndProject
Global
	GlobalSection(SolutionConfigurationPlatforms) = preSolution
		Debug|x64 = Debug|x64
		Debug|x86 = Debug|x86
		Release|x64 = Release|x64
		Release|x86 = Release|x86
	EndGlobalSection
	GlobalSection(ProjectConfigurationPlatforms) = postSolution
		{80A0E81B-909E-4B47-B90F-4BFB2C2EADE1}.Debug|x64.ActiveCfg = Debug|x64
		{80A0E81B-909E-4B47-B90F-4BFB2C2EADE1}.Debug|x64.Build.0 = Debug|x64
		{80A0E81B-909E-4B47-B90F-4BFB2C2EADE1}.Debug|x86.ActiveCfg = Debug|Win32
		{80A0E81B-909E-4B47-B90F-4BFB2C2EADE1}.Debug|x86.Build.0 = Debug|Win32
		{80A0E81B-909E-4B47-B90F-4BFB2C2EADE1}.Release|x64.ActiveCfg = Release|x64
		{80A0E81B-909E-4B47-B90F-4BFB2C2EADE1}.Release|x64.Build.0 = Release|x64
		{80A0E81B-909E-4B47-B90F-4BFB2C2EADE1}.Release|x86.ActiveCfg = Release|Win32
		{80A0E81B-909E-4B47-B90F-4BFB2C2EADE1}.Release|x86.Build.0 = Release|Win32
	EndGlobalSection
	GlobalSection(SolutionProperties) = preSolution
		HideSolutionNode = FALSE
	EndGlobalSection
	GlobalSection(ExtensibilityGlobals) = postSolution
		SolutionGuid = {EC19F1D3-5AD2-4550-B8F9-3A57C0D53FD2}
	EndGlobalSection
EndGlobal
