
Microsoft Visual Studio Solution File, Format Version 12.00
# Visual Studio 15
VisualStudioVersion = 15.0.28307.1500
MinimumVisualStudioVersion = 10.0.40219.1
Project("{8BC9CEB8-8B4A-11D0-8D11-00A0C91BC942}") = "1012", "1012.vcxproj", "{FFCC5C73-9C5D-490A-849E-7A1288BB54E1}"
EndProject
Global
	GlobalSection(SolutionConfigurationPlatforms) = preSolution
		Debug|x64 = Debug|x64
		Debug|x86 = Debug|x86
		Release|x64 = Release|x64
		Release|x86 = Release|x86
	EndGlobalSection
	GlobalSection(ProjectConfigurationPlatforms) = postSolution
		{FFCC5C73-9C5D-490A-849E-7A1288BB54E1}.Debug|x64.ActiveCfg = Debug|x64
		{FFCC5C73-9C5D-490A-849E-7A1288BB54E1}.Debug|x64.Build.0 = Debug|x64
		{FFCC5C73-9C5D-490A-849E-7A1288BB54E1}.Debug|x86.ActiveCfg = Debug|Win32
		{FFCC5C73-9C5D-490A-849E-7A1288BB54E1}.Debug|x86.Build.0 = Debug|Win32
		{FFCC5C73-9C5D-490A-849E-7A1288BB54E1}.Release|x64.ActiveCfg = Release|x64
		{FFCC5C73-9C5D-490A-849E-7A1288BB54E1}.Release|x64.Build.0 = Release|x64
		{FFCC5C73-9C5D-490A-849E-7A1288BB54E1}.Release|x86.ActiveCfg = Release|Win32
		{FFCC5C73-9C5D-490A-849E-7A1288BB54E1}.Release|x86.Build.0 = Release|Win32
	EndGlobalSection
	GlobalSection(SolutionProperties) = preSolution
		HideSolutionNode = FALSE
	EndGlobalSection
	GlobalSection(ExtensibilityGlobals) = postSolution
		SolutionGuid = {8B176E40-15EA-44C0-899A-EB4D5CDEC52D}
	EndGlobalSection
EndGlobal
