
Microsoft Visual Studio Solution File, Format Version 12.00
# Visual Studio Version 16
VisualStudioVersion = 16.0.30621.155
MinimumVisualStudioVersion = 10.0.40219.1
Project("{8BC9CEB8-8B4A-11D0-8D11-00A0C91BC942}") = "1379", "1379.vcxproj", "{66FCA329-D2D9-4161-BA7D-E7E85A139E6B}"
EndProject
Global
	GlobalSection(SolutionConfigurationPlatforms) = preSolution
		Debug|x64 = Debug|x64
		Debug|x86 = Debug|x86
		Release|x64 = Release|x64
		Release|x86 = Release|x86
	EndGlobalSection
	GlobalSection(ProjectConfigurationPlatforms) = postSolution
		{66FCA329-D2D9-4161-BA7D-E7E85A139E6B}.Debug|x64.ActiveCfg = Debug|x64
		{66FCA329-D2D9-4161-BA7D-E7E85A139E6B}.Debug|x64.Build.0 = Debug|x64
		{66FCA329-D2D9-4161-BA7D-E7E85A139E6B}.Debug|x86.ActiveCfg = Debug|Win32
		{66FCA329-D2D9-4161-BA7D-E7E85A139E6B}.Debug|x86.Build.0 = Debug|Win32
		{66FCA329-D2D9-4161-BA7D-E7E85A139E6B}.Release|x64.ActiveCfg = Release|x64
		{66FCA329-D2D9-4161-BA7D-E7E85A139E6B}.Release|x64.Build.0 = Release|x64
		{66FCA329-D2D9-4161-BA7D-E7E85A139E6B}.Release|x86.ActiveCfg = Release|Win32
		{66FCA329-D2D9-4161-BA7D-E7E85A139E6B}.Release|x86.Build.0 = Release|Win32
	EndGlobalSection
	GlobalSection(SolutionProperties) = preSolution
		HideSolutionNode = FALSE
	EndGlobalSection
	GlobalSection(ExtensibilityGlobals) = postSolution
		SolutionGuid = {00855429-2E06-401F-9684-62E0626DBE02}
	EndGlobalSection
EndGlobal
